
Microsoft Visual Studio Solution File, Format Version 12.00
# Visual Studio Version 17
VisualStudioVersion = 17.5.33414.496
MinimumVisualStudioVersion = 10.0.40219.1
Project("{FAE04EC0-301F-11D3-BF4B-00C04F79EFBC}") = "NZWalks.APi", "NZWalks.APi\NZWalks.APi.csproj", "{2C2B960B-9CF1-46EF-804C-E98F428ACEF8}"
EndProject
Global
	GlobalSection(SolutionConfigurationPlatforms) = preSolution
		Debug|Any CPU = Debug|Any CPU
		Release|Any CPU = Release|Any CPU
	EndGlobalSection
	GlobalSection(ProjectConfigurationPlatforms) = postSolution
		{2C2B960B-9CF1-46EF-804C-E98F428ACEF8}.Debug|Any CPU.ActiveCfg = Debug|Any CPU
		{2C2B960B-9CF1-46EF-804C-E98F428ACEF8}.Debug|Any CPU.Build.0 = Debug|Any CPU
		{2C2B960B-9CF1-46EF-804C-E98F428ACEF8}.Release|Any CPU.ActiveCfg = Release|Any CPU
		{2C2B960B-9CF1-46EF-804C-E98F428ACEF8}.Release|Any CPU.Build.0 = Release|Any CPU
	EndGlobalSection
	GlobalSection(SolutionProperties) = preSolution
		HideSolutionNode = FALSE
	EndGlobalSection
	GlobalSection(ExtensibilityGlobals) = postSolution
		SolutionGuid = {723F9B90-2CF5-4D44-9EE0-F4FFD55DAAA3}
	EndGlobalSection
EndGlobal
